{
    "version": 3,
    "terraform_version": "0.11.7",
    "serial": 5,
    "lineage": "24154295-af7d-826d-ce0b-6f6c0ae2f8bd",
    "modules": [
        {
            "path": [
                "root"
            ],
            "outputs": {
                "github_pages_ip_ranges": {
                    "sensitive": false,
                    "type": "list",
                    "value": [
                        "192.30.252.153/32",
                        "192.30.252.154/32",
                        "185.199.108.153/32",
                        "185.199.109.153/32",
                        "185.199.110.153/32",
                        "185.199.111.153/32"
                    ]
                },
                "public_dns": {
                    "sensitive": false,
                    "type": "list",
                    "value": [
                        "ec2-34-219-169-102.us-west-2.compute.amazonaws.com"
                    ]
                },
                "public_ip": {
                    "sensitive": false,
                    "type": "list",
                    "value": [
                        "34.219.169.102"
                    ]
                }
            },
            "resources": {
                "aws_instance.example": {
                    "type": "aws_instance",
                    "depends_on": [
                        "aws_key_pair.training",
                        "aws_security_group.training",
                        "data.github_ip_ranges.test"
                    ],
                    "primary": {
                        "id": "i-07c9cc1adc967cbd4",
                        "attributes": {
                            "ami": "ami-1cc69e64",
                            "associate_public_ip_address": "true",
                            "availability_zone": "us-west-2a",
                            "cpu_core_count": "1",
                            "cpu_threads_per_core": "1",
                            "credit_specification.#": "1",
                            "credit_specification.0.cpu_credits": "standard",
                            "disable_api_termination": "false",
                            "ebs_block_device.#": "0",
                            "ebs_optimized": "false",
                            "ephemeral_block_device.#": "0",
                            "get_password_data": "false",
                            "iam_instance_profile": "",
                            "id": "i-07c9cc1adc967cbd4",
                            "instance_state": "running",
                            "instance_type": "t2.micro",
                            "ipv6_addresses.#": "0",
                            "key_name": "discover12-multi-provider-demo-key",
                            "monitoring": "false",
                            "network_interface.#": "0",
                            "network_interface_id": "eni-0d7735f14089faea9",
                            "password_data": "",
                            "placement_group": "",
                            "primary_network_interface_id": "eni-0d7735f14089faea9",
                            "private_dns": "ip-172-31-20-220.us-west-2.compute.internal",
                            "private_ip": "172.31.20.220",
                            "public_dns": "ec2-34-219-169-102.us-west-2.compute.amazonaws.com",
                            "public_ip": "34.219.169.102",
                            "root_block_device.#": "1",
                            "root_block_device.0.delete_on_termination": "true",
                            "root_block_device.0.iops": "100",
                            "root_block_device.0.volume_id": "vol-09822347224c89110",
                            "root_block_device.0.volume_size": "8",
                            "root_block_device.0.volume_type": "gp2",
                            "security_groups.#": "1",
                            "security_groups.3945714898": "multi-provider-demo20180807203013525100000001",
                            "source_dest_check": "true",
                            "subnet_id": "subnet-10cd5469",
                            "tags.%": "1",
                            "tags.Name": "discover12-simple-instance",
                            "tenancy": "default",
                            "volume_tags.%": "0",
                            "vpc_security_group_ids.#": "1",
                            "vpc_security_group_ids.501649329": "sg-0076092e973bdbf5a"
                        },
                        "meta": {
                            "e2bfb730-ecaa-11e6-8f88-34363bc7c4c0": {
                                "create": 600000000000,
                                "delete": 1200000000000,
                                "update": 600000000000
                            },
                            "schema_version": "1"
                        },
                        "tainted": false
                    },
                    "deposed": [],
                    "provider": "provider.aws"
                },
                "aws_key_pair.training": {
                    "type": "aws_key_pair",
                    "depends_on": [],
                    "primary": {
                        "id": "discover12-multi-provider-demo-key",
                        "attributes": {
                            "fingerprint": "c4:bd:f6:55:10:dc:af:dc:c5:1e:03:de:17:41:53:21",
                            "id": "discover12-multi-provider-demo-key",
                            "key_name": "discover12-multi-provider-demo-key",
                            "public_key": "ssh-rsa AAAAB3NzaC1yc2EAAAADAQABAAABAQDKLOTAdS/7v9fs+Qf/Gi9Nz3RWt5q31aLy9RluHkCTcA2IRa7dUIxGVFMYXUSnpRNi8PxM7LXSX+TpFfd9F4jrSRpk5twXc1yzFgdYRpAlDKxb/WiQ+3VObptKD+YMaPqNbcV8zmojUI0o34FSN1iEU7WIQTMnER24Jnhu/lSjdr8O/h2Df5Vgt7sn7CnTS+5zPq/aLwEMHM4hTOkFtT9/gwKspVCZDdVG8ZhkRvU/NaW5L1sw00BOqM/0d8zenfjRBg2e97hD2R5PGPFDlUI7DX5hE4cVn2pBLlPpbv16gC2XuJMq3nU6M5ceBIo4sG88qfyCRIoYEzmD72MrsPk3 tsaleh@bastion"
                        },
                        "meta": {
                            "schema_version": "1"
                        },
                        "tainted": false
                    },
                    "deposed": [],
                    "provider": "provider.aws"
                },
                "aws_security_group.training": {
                    "type": "aws_security_group",
                    "depends_on": [],
                    "primary": {
                        "id": "sg-0076092e973bdbf5a",
                        "attributes": {
                            "arn": "arn:aws:ec2:us-west-2:651676489071:security-group/sg-0076092e973bdbf5a",
                            "description": "Managed by Terraform",
                            "egress.#": "1",
                            "egress.482069346.cidr_blocks.#": "1",
                            "egress.482069346.cidr_blocks.0": "0.0.0.0/0",
                            "egress.482069346.description": "",
                            "egress.482069346.from_port": "0",
                            "egress.482069346.ipv6_cidr_blocks.#": "0",
                            "egress.482069346.prefix_list_ids.#": "0",
                            "egress.482069346.protocol": "-1",
                            "egress.482069346.security_groups.#": "0",
                            "egress.482069346.self": "false",
                            "egress.482069346.to_port": "0",
                            "id": "sg-0076092e973bdbf5a",
                            "ingress.#": "1",
                            "ingress.482069346.cidr_blocks.#": "1",
                            "ingress.482069346.cidr_blocks.0": "0.0.0.0/0",
                            "ingress.482069346.description": "",
                            "ingress.482069346.from_port": "0",
                            "ingress.482069346.ipv6_cidr_blocks.#": "0",
                            "ingress.482069346.protocol": "-1",
                            "ingress.482069346.security_groups.#": "0",
                            "ingress.482069346.self": "false",
                            "ingress.482069346.to_port": "0",
                            "name": "multi-provider-demo20180807203013525100000001",
                            "name_prefix": "multi-provider-demo",
                            "owner_id": "651676489071",
                            "revoke_rules_on_delete": "false",
                            "tags.%": "0",
                            "vpc_id": "vpc-c0ccf7b9"
                        },
                        "meta": {
                            "e2bfb730-ecaa-11e6-8f88-34363bc7c4c0": {
                                "create": 600000000000,
                                "delete": 600000000000
                            },
                            "schema_version": "1"
                        },
                        "tainted": false
                    },
                    "deposed": [],
                    "provider": "provider.aws"
                },
                "data.github_ip_ranges.test": {
                    "type": "github_ip_ranges",
                    "depends_on": [],
                    "primary": {
                        "id": "github-ip-ranges",
                        "attributes": {
                            "git.#": "9",
                            "git.0": "192.30.252.0/22",
                            "git.1": "185.199.108.0/22",
                            "git.2": "140.82.112.0/20",
                            "git.3": "13.229.188.59/32",
                            "git.4": "13.250.177.223/32",
                            "git.5": "18.194.104.89/32",
                            "git.6": "18.195.85.27/32",
                            "git.7": "35.159.8.160/32",
                            "git.8": "52.74.223.119/32",
                            "hooks.#": "3",
                            "hooks.0": "192.30.252.0/22",
                            "hooks.1": "185.199.108.0/22",
                            "hooks.2": "140.82.112.0/20",
                            "id": "github-ip-ranges",
                            "pages.#": "6",
                            "pages.0": "192.30.252.153/32",
                            "pages.1": "192.30.252.154/32",
                            "pages.2": "185.199.108.153/32",
                            "pages.3": "185.199.109.153/32",
                            "pages.4": "185.199.110.153/32",
                            "pages.5": "185.199.111.153/32"
                        },
                        "meta": {},
                        "tainted": false
                    },
                    "deposed": [],
                    "provider": "provider.github"
                }
            },
            "depends_on": []
        }
    ]
}
