{
    "version": 3,
    "terraform_version": "0.11.7",
    "serial": 2,
    "lineage": "e81ab25d-14d8-6ea5-41bf-18d9b31efd7a",
    "modules": [
        {
            "path": [
                "root"
            ],
            "outputs": {},
            "resources": {
                "aws_s3_bucket.logs": {
                    "type": "aws_s3_bucket",
                    "depends_on": [],
                    "primary": {
                        "id": "superorbital-discover12-tfstate-logs",
                        "attributes": {
                            "acceleration_status": "",
                            "acl": "log-delivery-write",
                            "arn": "arn:aws:s3:::superorbital-discover12-tfstate-logs",
                            "bucket": "superorbital-discover12-tfstate-logs",
                            "bucket_domain_name": "superorbital-discover12-tfstate-logs.s3.amazonaws.com",
                            "bucket_regional_domain_name": "superorbital-discover12-tfstate-logs.s3.us-west-2.amazonaws.com",
                            "cors_rule.#": "0",
                            "force_destroy": "false",
                            "hosted_zone_id": "Z3BJ6K6RIION7M",
                            "id": "superorbital-discover12-tfstate-logs",
                            "logging.#": "0",
                            "region": "us-west-2",
                            "replication_configuration.#": "0",
                            "request_payer": "BucketOwner",
                            "server_side_encryption_configuration.#": "0",
                            "tags.%": "0",
                            "versioning.#": "1",
                            "versioning.0.enabled": "false",
                            "versioning.0.mfa_delete": "false",
                            "website.#": "0"
                        },
                        "meta": {},
                        "tainted": false
                    },
                    "deposed": [],
                    "provider": "provider.aws"
                },
                "aws_s3_bucket.tfstate_store": {
                    "type": "aws_s3_bucket",
                    "depends_on": [
                        "aws_s3_bucket.logs"
                    ],
                    "primary": {
                        "id": "superorbital-discover12-tfstate",
                        "attributes": {
                            "acceleration_status": "",
                            "acl": "private",
                            "arn": "arn:aws:s3:::superorbital-discover12-tfstate",
                            "bucket": "superorbital-discover12-tfstate",
                            "bucket_domain_name": "superorbital-discover12-tfstate.s3.amazonaws.com",
                            "bucket_regional_domain_name": "superorbital-discover12-tfstate.s3.us-west-2.amazonaws.com",
                            "cors_rule.#": "0",
                            "force_destroy": "true",
                            "hosted_zone_id": "Z3BJ6K6RIION7M",
                            "id": "superorbital-discover12-tfstate",
                            "logging.#": "1",
                            "logging.335859279.target_bucket": "superorbital-discover12-tfstate-logs",
                            "logging.335859279.target_prefix": "logs/",
                            "region": "us-west-2",
                            "replication_configuration.#": "0",
                            "request_payer": "BucketOwner",
                            "server_side_encryption_configuration.#": "0",
                            "tags.%": "0",
                            "versioning.#": "1",
                            "versioning.0.enabled": "true",
                            "versioning.0.mfa_delete": "false",
                            "website.#": "0"
                        },
                        "meta": {},
                        "tainted": false
                    },
                    "deposed": [],
                    "provider": "provider.aws"
                }
            },
            "depends_on": []
        }
    ]
}
